
Microsoft Visual Studio Solution File, Format Version 12.00
# Visual Studio 15
VisualStudioVersion = 15.0.28307.645
MinimumVisualStudioVersion = 10.0.40219.1
Project("{9A19103F-16F7-4668-BE54-9A1E7A4F7556}") = "Acoes.api", "Acoes.api\Acoes.api.csproj", "{A0954F49-AE53-4D63-B2EF-A7F774DD014F}"
EndProject
Project("{FAE04EC0-301F-11D3-BF4B-00C04F79EFBC}") = "App1.Android", "App1\App1.Android\App1.Android.csproj", "{59BB565B-4D0E-4AC3-B0B0-80CBD9525273}"
EndProject
Project("{FAE04EC0-301F-11D3-BF4B-00C04F79EFBC}") = "App1", "App1\App1\App1.csproj", "{EEBF5DB6-6113-4277-BA26-2FAA317BCE4B}"
EndProject
Global
	GlobalSection(SolutionConfigurationPlatforms) = preSolution
		Debug|Any CPU = Debug|Any CPU
		Debug|iPhone = Debug|iPhone
		Debug|iPhoneSimulator = Debug|iPhoneSimulator
		Release|Any CPU = Release|Any CPU
		Release|iPhone = Release|iPhone
		Release|iPhoneSimulator = Release|iPhoneSimulator
	EndGlobalSection
	GlobalSection(ProjectConfigurationPlatforms) = postSolution
		{A0954F49-AE53-4D63-B2EF-A7F774DD014F}.Debug|Any CPU.ActiveCfg = Debug|Any CPU
		{A0954F49-AE53-4D63-B2EF-A7F774DD014F}.Debug|Any CPU.Build.0 = Debug|Any CPU
		{A0954F49-AE53-4D63-B2EF-A7F774DD014F}.Debug|iPhone.ActiveCfg = Debug|Any CPU
		{A0954F49-AE53-4D63-B2EF-A7F774DD014F}.Debug|iPhone.Build.0 = Debug|Any CPU
		{A0954F49-AE53-4D63-B2EF-A7F774DD014F}.Debug|iPhoneSimulator.ActiveCfg = Debug|Any CPU
		{A0954F49-AE53-4D63-B2EF-A7F774DD014F}.Debug|iPhoneSimulator.Build.0 = Debug|Any CPU
		{A0954F49-AE53-4D63-B2EF-A7F774DD014F}.Release|Any CPU.ActiveCfg = Release|Any CPU
		{A0954F49-AE53-4D63-B2EF-A7F774DD014F}.Release|Any CPU.Build.0 = Release|Any CPU
		{A0954F49-AE53-4D63-B2EF-A7F774DD014F}.Release|iPhone.ActiveCfg = Release|Any CPU
		{A0954F49-AE53-4D63-B2EF-A7F774DD014F}.Release|iPhone.Build.0 = Release|Any CPU
		{A0954F49-AE53-4D63-B2EF-A7F774DD014F}.Release|iPhoneSimulator.ActiveCfg = Release|Any CPU
		{A0954F49-AE53-4D63-B2EF-A7F774DD014F}.Release|iPhoneSimulator.Build.0 = Release|Any CPU
		{59BB565B-4D0E-4AC3-B0B0-80CBD9525273}.Debug|Any CPU.ActiveCfg = Debug|Any CPU
		{59BB565B-4D0E-4AC3-B0B0-80CBD9525273}.Debug|Any CPU.Build.0 = Debug|Any CPU
		{59BB565B-4D0E-4AC3-B0B0-80CBD9525273}.Debug|Any CPU.Deploy.0 = Debug|Any CPU
		{59BB565B-4D0E-4AC3-B0B0-80CBD9525273}.Debug|iPhone.ActiveCfg = Debug|Any CPU
		{59BB565B-4D0E-4AC3-B0B0-80CBD9525273}.Debug|iPhone.Build.0 = Debug|Any CPU
		{59BB565B-4D0E-4AC3-B0B0-80CBD9525273}.Debug|iPhone.Deploy.0 = Debug|Any CPU
		{59BB565B-4D0E-4AC3-B0B0-80CBD9525273}.Debug|iPhoneSimulator.ActiveCfg = Debug|Any CPU
		{59BB565B-4D0E-4AC3-B0B0-80CBD9525273}.Debug|iPhoneSimulator.Build.0 = Debug|Any CPU
		{59BB565B-4D0E-4AC3-B0B0-80CBD9525273}.Debug|iPhoneSimulator.Deploy.0 = Debug|Any CPU
		{59BB565B-4D0E-4AC3-B0B0-80CBD9525273}.Release|Any CPU.ActiveCfg = Release|Any CPU
		{59BB565B-4D0E-4AC3-B0B0-80CBD9525273}.Release|Any CPU.Build.0 = Release|Any CPU
		{59BB565B-4D0E-4AC3-B0B0-80CBD9525273}.Release|Any CPU.Deploy.0 = Release|Any CPU
		{59BB565B-4D0E-4AC3-B0B0-80CBD9525273}.Release|iPhone.ActiveCfg = Release|Any CPU
		{59BB565B-4D0E-4AC3-B0B0-80CBD9525273}.Release|iPhone.Build.0 = Release|Any CPU
		{59BB565B-4D0E-4AC3-B0B0-80CBD9525273}.Release|iPhone.Deploy.0 = Release|Any CPU
		{59BB565B-4D0E-4AC3-B0B0-80CBD9525273}.Release|iPhoneSimulator.ActiveCfg = Release|Any CPU
		{59BB565B-4D0E-4AC3-B0B0-80CBD9525273}.Release|iPhoneSimulator.Build.0 = Release|Any CPU
		{59BB565B-4D0E-4AC3-B0B0-80CBD9525273}.Release|iPhoneSimulator.Deploy.0 = Release|Any CPU
		{EEBF5DB6-6113-4277-BA26-2FAA317BCE4B}.Debug|Any CPU.ActiveCfg = Debug|Any CPU
		{EEBF5DB6-6113-4277-BA26-2FAA317BCE4B}.Debug|Any CPU.Build.0 = Debug|Any CPU
		{EEBF5DB6-6113-4277-BA26-2FAA317BCE4B}.Debug|iPhone.ActiveCfg = Debug|Any CPU
		{EEBF5DB6-6113-4277-BA26-2FAA317BCE4B}.Debug|iPhone.Build.0 = Debug|Any CPU
		{EEBF5DB6-6113-4277-BA26-2FAA317BCE4B}.Debug|iPhoneSimulator.ActiveCfg = Debug|Any CPU
		{EEBF5DB6-6113-4277-BA26-2FAA317BCE4B}.Debug|iPhoneSimulator.Build.0 = Debug|Any CPU
		{EEBF5DB6-6113-4277-BA26-2FAA317BCE4B}.Release|Any CPU.ActiveCfg = Release|Any CPU
		{EEBF5DB6-6113-4277-BA26-2FAA317BCE4B}.Release|Any CPU.Build.0 = Release|Any CPU
		{EEBF5DB6-6113-4277-BA26-2FAA317BCE4B}.Release|iPhone.ActiveCfg = Release|Any CPU
		{EEBF5DB6-6113-4277-BA26-2FAA317BCE4B}.Release|iPhone.Build.0 = Release|Any CPU
		{EEBF5DB6-6113-4277-BA26-2FAA317BCE4B}.Release|iPhoneSimulator.ActiveCfg = Release|Any CPU
		{EEBF5DB6-6113-4277-BA26-2FAA317BCE4B}.Release|iPhoneSimulator.Build.0 = Release|Any CPU
	EndGlobalSection
	GlobalSection(SolutionProperties) = preSolution
		HideSolutionNode = FALSE
	EndGlobalSection
	GlobalSection(ExtensibilityGlobals) = postSolution
		SolutionGuid = {B21584C4-C1A9-4668-94AB-D1C79E8D0FA1}
	EndGlobalSection
EndGlobal
